
Microsoft Visual Studio Solution File, Format Version 12.00
# Visual Studio Version 17
VisualStudioVersion = 17.5.33502.453
MinimumVisualStudioVersion = 10.0.40219.1
Project("{9A19103F-16F7-4668-BE54-9A1E7A4F7556}") = "Demo_Elmah", "Demo_Elmah.csproj", "{82C462CF-3DEC-4C00-8B62-DDA5109C34B0}"
EndProject
Project("{FAE04EC0-301F-11D3-BF4B-00C04F79EFBC}") = "Api_DapperIdentity", "..\Api_DapperIdentity\Api_DapperIdentity.csproj", "{FCF99CF4-EF48-4399-877B-ADB09D55F6DE}"
EndProject
Global
	GlobalSection(SolutionConfigurationPlatforms) = preSolution
		Debug|Any CPU = Debug|Any CPU
		Release|Any CPU = Release|Any CPU
	EndGlobalSection
	GlobalSection(ProjectConfigurationPlatforms) = postSolution
		{82C462CF-3DEC-4C00-8B62-DDA5109C34B0}.Debug|Any CPU.ActiveCfg = Debug|Any CPU
		{82C462CF-3DEC-4C00-8B62-DDA5109C34B0}.Debug|Any CPU.Build.0 = Debug|Any CPU
		{82C462CF-3DEC-4C00-8B62-DDA5109C34B0}.Release|Any CPU.ActiveCfg = Release|Any CPU
		{82C462CF-3DEC-4C00-8B62-DDA5109C34B0}.Release|Any CPU.Build.0 = Release|Any CPU
		{FCF99CF4-EF48-4399-877B-ADB09D55F6DE}.Debug|Any CPU.ActiveCfg = Debug|Any CPU
		{FCF99CF4-EF48-4399-877B-ADB09D55F6DE}.Debug|Any CPU.Build.0 = Debug|Any CPU
		{FCF99CF4-EF48-4399-877B-ADB09D55F6DE}.Release|Any CPU.ActiveCfg = Release|Any CPU
		{FCF99CF4-EF48-4399-877B-ADB09D55F6DE}.Release|Any CPU.Build.0 = Release|Any CPU
	EndGlobalSection
	GlobalSection(SolutionProperties) = preSolution
		HideSolutionNode = FALSE
	EndGlobalSection
	GlobalSection(ExtensibilityGlobals) = postSolution
		SolutionGuid = {549D4323-0168-43A7-B7B3-CAC7AD1BA78D}
	EndGlobalSection
EndGlobal
